
Microsoft Visual Studio Solution File, Format Version 12.00
# Visual Studio 15
VisualStudioVersion = 15.0.27130.2003
MinimumVisualStudioVersion = 10.0.40219.1
Project("{9092AA53-FB77-4645-B42D-1CCCA6BD08BD}") = "FunWithNode", "FunWithNode\FunWithNode.njsproj", "{45B0DC0C-999C-4E6E-9B8B-A23EC3FA3950}"
EndProject
Global
	GlobalSection(SolutionConfigurationPlatforms) = preSolution
		Debug|Any CPU = Debug|Any CPU
		Release|Any CPU = Release|Any CPU
	EndGlobalSection
	GlobalSection(ProjectConfigurationPlatforms) = postSolution
		{45B0DC0C-999C-4E6E-9B8B-A23EC3FA3950}.Debug|Any CPU.ActiveCfg = Debug|Any CPU
		{45B0DC0C-999C-4E6E-9B8B-A23EC3FA3950}.Debug|Any CPU.Build.0 = Debug|Any CPU
		{45B0DC0C-999C-4E6E-9B8B-A23EC3FA3950}.Release|Any CPU.ActiveCfg = Release|Any CPU
		{45B0DC0C-999C-4E6E-9B8B-A23EC3FA3950}.Release|Any CPU.Build.0 = Release|Any CPU
	EndGlobalSection
	GlobalSection(SolutionProperties) = preSolution
		HideSolutionNode = FALSE
	EndGlobalSection
	GlobalSection(ExtensibilityGlobals) = postSolution
		SolutionGuid = {8D233F18-B037-4B81-AB2C-CCE3536BE986}
	EndGlobalSection
EndGlobal
